// !$*UTF8*$!
{
	archiveVersion = 1;
	classes = {
	};
	objectVersion = 50;
	objects = {

/* Begin PBXBuildFile section */
		AE0FD9D1221729C900D084AC /* FilmsListVC.swift in Sources */ = {isa = PBXBuildFile; fileRef = AE0FD9D0221729C900D084AC /* FilmsListVC.swift */; };
		AE0FD9D3221729DB00D084AC /* FilmsListVM.swift in Sources */ = {isa = PBXBuildFile; fileRef = AE0FD9D2221729DB00D084AC /* FilmsListVM.swift */; };
		AE0FD9D522172BC900D084AC /* FetchFilmsRequest.swift in Sources */ = {isa = PBXBuildFile; fileRef = AE0FD9D422172BC900D084AC /* FetchFilmsRequest.swift */; };
		AE0FD9D722172C8900D084AC /* FetchFilmsResponse.swift in Sources */ = {isa = PBXBuildFile; fileRef = AE0FD9D622172C8900D084AC /* FetchFilmsResponse.swift */; };
		AE0FD9D922172CD700D084AC /* StarWarsFilm.swift in Sources */ = {isa = PBXBuildFile; fileRef = AE0FD9D822172CD700D084AC /* StarWarsFilm.swift */; };
		AE0FD9DB2217332A00D084AC /* KefBytesURLRequest.swift in Sources */ = {isa = PBXBuildFile; fileRef = AE0FD9DA2217332A00D084AC /* KefBytesURLRequest.swift */; };
		AE0FD9DD2217340300D084AC /* KefBytesServiceConstants.swift in Sources */ = {isa = PBXBuildFile; fileRef = AE0FD9DC2217340300D084AC /* KefBytesServiceConstants.swift */; };
		AE425774221DEB3500D72717 /* PlanetsListVC.swift in Sources */ = {isa = PBXBuildFile; fileRef = AE425773221DEB3500D72717 /* PlanetsListVC.swift */; };
		AE425776221DEB5300D72717 /* PlanetsListVM.swift in Sources */ = {isa = PBXBuildFile; fileRef = AE425775221DEB5300D72717 /* PlanetsListVM.swift */; };
		AE425778221DF72000D72717 /* FetchPlanetsRequest.swift in Sources */ = {isa = PBXBuildFile; fileRef = AE425777221DF72000D72717 /* FetchPlanetsRequest.swift */; };
		AE42577A221DF78800D72717 /* FetchPlanetsResponse.swift in Sources */ = {isa = PBXBuildFile; fileRef = AE425779221DF78800D72717 /* FetchPlanetsResponse.swift */; };
		AE42577C221DF83B00D72717 /* StarWarsPlanet.swift in Sources */ = {isa = PBXBuildFile; fileRef = AE42577B221DF83B00D72717 /* StarWarsPlanet.swift */; };
		AE42577E221DF95C00D72717 /* FetchPlanets.json in Resources */ = {isa = PBXBuildFile; fileRef = AE42577D221DF95C00D72717 /* FetchPlanets.json */; };
		AE43B2D32208E0C700165188 /* AppDelegate.swift in Sources */ = {isa = PBXBuildFile; fileRef = AE43B2D22208E0C700165188 /* AppDelegate.swift */; };
		AE43B2D82208E0C700165188 /* Main.storyboard in Resources */ = {isa = PBXBuildFile; fileRef = AE43B2D62208E0C700165188 /* Main.storyboard */; };
		AE43B2DA2208E0C800165188 /* Assets.xcassets in Resources */ = {isa = PBXBuildFile; fileRef = AE43B2D92208E0C800165188 /* Assets.xcassets */; };
		AE43B2DD2208E0C800165188 /* LaunchScreen.storyboard in Resources */ = {isa = PBXBuildFile; fileRef = AE43B2DB2208E0C800165188 /* LaunchScreen.storyboard */; };
		AE43B2E82208E0C800165188 /* StarWarsAPITestTests.swift in Sources */ = {isa = PBXBuildFile; fileRef = AE43B2E72208E0C800165188 /* StarWarsAPITestTests.swift */; };
		AE43B2F72208E12A00165188 /* StarWarsCharacter.swift in Sources */ = {isa = PBXBuildFile; fileRef = AE43B2F62208E12A00165188 /* StarWarsCharacter.swift */; };
		AE43B2F92208E2BE00165188 /* CharacterListVC.swift in Sources */ = {isa = PBXBuildFile; fileRef = AE43B2F82208E2BE00165188 /* CharacterListVC.swift */; };
		AE43B2FB2208E44400165188 /* CharacterListVM.swift in Sources */ = {isa = PBXBuildFile; fileRef = AE43B2FA2208E44400165188 /* CharacterListVM.swift */; };
		AE5BFFDD2209EEDE001911A7 /* FetchCharacters.json in Resources */ = {isa = PBXBuildFile; fileRef = AE5BFFDC2209EEDE001911A7 /* FetchCharacters.json */; };
		AE64659B2214AB9C00C4BB1C /* KefBytesURLBuilder.swift in Sources */ = {isa = PBXBuildFile; fileRef = AE64659A2214AB9C00C4BB1C /* KefBytesURLBuilder.swift */; };
		AE64659D2214B3C300C4BB1C /* KefBytesServiceError.swift in Sources */ = {isa = PBXBuildFile; fileRef = AE64659C2214B3C300C4BB1C /* KefBytesServiceError.swift */; };
		AE7CD35A22136A01006EF6AD /* KefBytesRequestProtocol.swift in Sources */ = {isa = PBXBuildFile; fileRef = AE7CD35922136A01006EF6AD /* KefBytesRequestProtocol.swift */; };
		AE7CD35C22136A2D006EF6AD /* KefBytesResponseProtocol.swift in Sources */ = {isa = PBXBuildFile; fileRef = AE7CD35B22136A2D006EF6AD /* KefBytesResponseProtocol.swift */; };
		AE7CD35F22136D81006EF6AD /* FetchCharactersRequest.swift in Sources */ = {isa = PBXBuildFile; fileRef = AE7CD35E22136D81006EF6AD /* FetchCharactersRequest.swift */; };
		AE7CD36222136E9C006EF6AD /* FetchCharactersResponse.swift in Sources */ = {isa = PBXBuildFile; fileRef = AE7CD36122136E9C006EF6AD /* FetchCharactersResponse.swift */; };
		AE7CD36422137106006EF6AD /* KefBytesServerConfig.swift in Sources */ = {isa = PBXBuildFile; fileRef = AE7CD36322137106006EF6AD /* KefBytesServerConfig.swift */; };
		AE7CD3662213726A006EF6AD /* KefBytesServerConnection.swift in Sources */ = {isa = PBXBuildFile; fileRef = AE7CD3652213726A006EF6AD /* KefBytesServerConnection.swift */; };
		AE803649221C4AD000B4B70D /* LoginVC.swift in Sources */ = {isa = PBXBuildFile; fileRef = AE803648221C4AD000B4B70D /* LoginVC.swift */; };
		AE80364C221C4FAA00B4B70D /* Session.swift in Sources */ = {isa = PBXBuildFile; fileRef = AE80364B221C4FAA00B4B70D /* Session.swift */; };
		AE80364E221C75E700B4B70D /* FetchFilms.json in Resources */ = {isa = PBXBuildFile; fileRef = AE80364D221C75E700B4B70D /* FetchFilms.json */; };
		AE803650221C7DDD00B4B70D /* KefBytesMockJsonReader.swift in Sources */ = {isa = PBXBuildFile; fileRef = AE80364F221C7DDD00B4B70D /* KefBytesMockJsonReader.swift */; };
/* End PBXBuildFile section */

/* Begin PBXContainerItemProxy section */
		AE43B2E42208E0C800165188 /* PBXContainerItemProxy */ = {
			isa = PBXContainerItemProxy;
			containerPortal = AE43B2C72208E0C700165188 /* Project object */;
			proxyType = 1;
			remoteGlobalIDString = AE43B2CE2208E0C700165188;
			remoteInfo = StarWarsAPITest;
		};
/* End PBXContainerItemProxy section */

/* Begin PBXFileReference section */
		AE0FD9D0221729C900D084AC /* FilmsListVC.swift */ = {isa = PBXFileReference; lastKnownFileType = sourcecode.swift; path = FilmsListVC.swift; sourceTree = "<group>"; };
		AE0FD9D2221729DB00D084AC /* FilmsListVM.swift */ = {isa = PBXFileReference; lastKnownFileType = sourcecode.swift; path = FilmsListVM.swift; sourceTree = "<group>"; };
		AE0FD9D422172BC900D084AC /* FetchFilmsRequest.swift */ = {isa = PBXFileReference; lastKnownFileType = sourcecode.swift; path = FetchFilmsRequest.swift; sourceTree = "<group>"; };
		AE0FD9D622172C8900D084AC /* FetchFilmsResponse.swift */ = {isa = PBXFileReference; lastKnownFileType = sourcecode.swift; path = FetchFilmsResponse.swift; sourceTree = "<group>"; };
		AE0FD9D822172CD700D084AC /* StarWarsFilm.swift */ = {isa = PBXFileReference; lastKnownFileType = sourcecode.swift; path = StarWarsFilm.swift; sourceTree = "<group>"; };
		AE0FD9DA2217332A00D084AC /* KefBytesURLRequest.swift */ = {isa = PBXFileReference; lastKnownFileType = sourcecode.swift; path = KefBytesURLRequest.swift; sourceTree = "<group>"; };
		AE0FD9DC2217340300D084AC /* KefBytesServiceConstants.swift */ = {isa = PBXFileReference; lastKnownFileType = sourcecode.swift; path = KefBytesServiceConstants.swift; sourceTree = "<group>"; };
		AE425773221DEB3500D72717 /* PlanetsListVC.swift */ = {isa = PBXFileReference; lastKnownFileType = sourcecode.swift; path = PlanetsListVC.swift; sourceTree = "<group>"; };
		AE425775221DEB5300D72717 /* PlanetsListVM.swift */ = {isa = PBXFileReference; lastKnownFileType = sourcecode.swift; path = PlanetsListVM.swift; sourceTree = "<group>"; };
		AE425777221DF72000D72717 /* FetchPlanetsRequest.swift */ = {isa = PBXFileReference; lastKnownFileType = sourcecode.swift; path = FetchPlanetsRequest.swift; sourceTree = "<group>"; };
		AE425779221DF78800D72717 /* FetchPlanetsResponse.swift */ = {isa = PBXFileReference; lastKnownFileType = sourcecode.swift; path = FetchPlanetsResponse.swift; sourceTree = "<group>"; };
		AE42577B221DF83B00D72717 /* StarWarsPlanet.swift */ = {isa = PBXFileReference; lastKnownFileType = sourcecode.swift; path = StarWarsPlanet.swift; sourceTree = "<group>"; };
		AE42577D221DF95C00D72717 /* FetchPlanets.json */ = {isa = PBXFileReference; lastKnownFileType = text.json; path = FetchPlanets.json; sourceTree = "<group>"; };
		AE43B2CF2208E0C700165188 /* StarWarsAPITest.app */ = {isa = PBXFileReference; explicitFileType = wrapper.application; includeInIndex = 0; path = StarWarsAPITest.app; sourceTree = BUILT_PRODUCTS_DIR; };
		AE43B2D22208E0C700165188 /* AppDelegate.swift */ = {isa = PBXFileReference; lastKnownFileType = sourcecode.swift; path = AppDelegate.swift; sourceTree = "<group>"; };
		AE43B2D72208E0C700165188 /* Base */ = {isa = PBXFileReference; lastKnownFileType = file.storyboard; name = Base; path = Base.lproj/Main.storyboard; sourceTree = "<group>"; };
		AE43B2D92208E0C800165188 /* Assets.xcassets */ = {isa = PBXFileReference; lastKnownFileType = folder.assetcatalog; path = Assets.xcassets; sourceTree = "<group>"; };
		AE43B2DC2208E0C800165188 /* Base */ = {isa = PBXFileReference; lastKnownFileType = file.storyboard; name = Base; path = Base.lproj/LaunchScreen.storyboard; sourceTree = "<group>"; };
		AE43B2DE2208E0C800165188 /* Info.plist */ = {isa = PBXFileReference; lastKnownFileType = text.plist.xml; path = Info.plist; sourceTree = "<group>"; };
		AE43B2E32208E0C800165188 /* StarWarsAPITestTests.xctest */ = {isa = PBXFileReference; explicitFileType = wrapper.cfbundle; includeInIndex = 0; path = StarWarsAPITestTests.xctest; sourceTree = BUILT_PRODUCTS_DIR; };
		AE43B2E72208E0C800165188 /* StarWarsAPITestTests.swift */ = {isa = PBXFileReference; lastKnownFileType = sourcecode.swift; path = StarWarsAPITestTests.swift; sourceTree = "<group>"; };
		AE43B2E92208E0C800165188 /* Info.plist */ = {isa = PBXFileReference; lastKnownFileType = text.plist.xml; path = Info.plist; sourceTree = "<group>"; };
		AE43B2F62208E12A00165188 /* StarWarsCharacter.swift */ = {isa = PBXFileReference; fileEncoding = 4; lastKnownFileType = sourcecode.swift; path = StarWarsCharacter.swift; sourceTree = "<group>"; };
		AE43B2F82208E2BE00165188 /* CharacterListVC.swift */ = {isa = PBXFileReference; lastKnownFileType = sourcecode.swift; path = CharacterListVC.swift; sourceTree = "<group>"; };
		AE43B2FA2208E44400165188 /* CharacterListVM.swift */ = {isa = PBXFileReference; lastKnownFileType = sourcecode.swift; path = CharacterListVM.swift; sourceTree = "<group>"; };
		AE5BFFDC2209EEDE001911A7 /* FetchCharacters.json */ = {isa = PBXFileReference; lastKnownFileType = text.json; path = FetchCharacters.json; sourceTree = "<group>"; };
		AE64659A2214AB9C00C4BB1C /* KefBytesURLBuilder.swift */ = {isa = PBXFileReference; lastKnownFileType = sourcecode.swift; path = KefBytesURLBuilder.swift; sourceTree = "<group>"; };
		AE64659C2214B3C300C4BB1C /* KefBytesServiceError.swift */ = {isa = PBXFileReference; lastKnownFileType = sourcecode.swift; path = KefBytesServiceError.swift; sourceTree = "<group>"; };
		AE7CD35922136A01006EF6AD /* KefBytesRequestProtocol.swift */ = {isa = PBXFileReference; lastKnownFileType = sourcecode.swift; path = KefBytesRequestProtocol.swift; sourceTree = "<group>"; };
		AE7CD35B22136A2D006EF6AD /* KefBytesResponseProtocol.swift */ = {isa = PBXFileReference; lastKnownFileType = sourcecode.swift; path = KefBytesResponseProtocol.swift; sourceTree = "<group>"; };
		AE7CD35E22136D81006EF6AD /* FetchCharactersRequest.swift */ = {isa = PBXFileReference; lastKnownFileType = sourcecode.swift; path = FetchCharactersRequest.swift; sourceTree = "<group>"; };
		AE7CD36122136E9C006EF6AD /* FetchCharactersResponse.swift */ = {isa = PBXFileReference; lastKnownFileType = sourcecode.swift; path = FetchCharactersResponse.swift; sourceTree = "<group>"; };
		AE7CD36322137106006EF6AD /* KefBytesServerConfig.swift */ = {isa = PBXFileReference; lastKnownFileType = sourcecode.swift; path = KefBytesServerConfig.swift; sourceTree = "<group>"; };
		AE7CD3652213726A006EF6AD /* KefBytesServerConnection.swift */ = {isa = PBXFileReference; lastKnownFileType = sourcecode.swift; path = KefBytesServerConnection.swift; sourceTree = "<group>"; };
		AE803648221C4AD000B4B70D /* LoginVC.swift */ = {isa = PBXFileReference; lastKnownFileType = sourcecode.swift; path = LoginVC.swift; sourceTree = "<group>"; };
		AE80364B221C4FAA00B4B70D /* Session.swift */ = {isa = PBXFileReference; lastKnownFileType = sourcecode.swift; path = Session.swift; sourceTree = "<group>"; };
		AE80364D221C75E700B4B70D /* FetchFilms.json */ = {isa = PBXFileReference; lastKnownFileType = text.json; path = FetchFilms.json; sourceTree = "<group>"; };
		AE80364F221C7DDD00B4B70D /* KefBytesMockJsonReader.swift */ = {isa = PBXFileReference; lastKnownFileType = sourcecode.swift; path = KefBytesMockJsonReader.swift; sourceTree = "<group>"; };
/* End PBXFileReference section */

/* Begin PBXFrameworksBuildPhase section */
		AE43B2CC2208E0C700165188 /* Frameworks */ = {
			isa = PBXFrameworksBuildPhase;
			buildActionMask = 2147483647;
			files = (
			);
			runOnlyForDeploymentPostprocessing = 0;
		};
		AE43B2E02208E0C800165188 /* Frameworks */ = {
			isa = PBXFrameworksBuildPhase;
			buildActionMask = 2147483647;
			files = (
			);
			runOnlyForDeploymentPostprocessing = 0;
		};
/* End PBXFrameworksBuildPhase section */

/* Begin PBXGroup section */
		AE43B2C62208E0C700165188 = {
			isa = PBXGroup;
			children = (
				AE43B2D12208E0C700165188 /* StarWarsAPITest */,
				AE43B2E62208E0C800165188 /* StarWarsAPITestTests */,
				AE43B2D02208E0C700165188 /* Products */,
			);
			sourceTree = "<group>";
		};
		AE43B2D02208E0C700165188 /* Products */ = {
			isa = PBXGroup;
			children = (
				AE43B2CF2208E0C700165188 /* StarWarsAPITest.app */,
				AE43B2E32208E0C800165188 /* StarWarsAPITestTests.xctest */,
			);
			name = Products;
			sourceTree = "<group>";
		};
		AE43B2D12208E0C700165188 /* StarWarsAPITest */ = {
			isa = PBXGroup;
			children = (
				AE43B2D22208E0C700165188 /* AppDelegate.swift */,
				AE80364B221C4FAA00B4B70D /* Session.swift */,
				AE43B2DE2208E0C800165188 /* Info.plist */,
				AE43B2FC2208E49000165188 /* ViewControllers */,
				AE43B2FD2208E4A500165188 /* ViewModels */,
				AE5BFFD62209D16D001911A7 /* Mock */,
				AE43B2FF2208E4C400165188 /* Model */,
				AE43B2FE2208E4B900165188 /* ServiceLayer */,
				AEBE7A04221491CF0078AD90 /* ServiceObjects */,
				AE80364A221C4F7300B4B70D /* UI */,
			);
			path = StarWarsAPITest;
			sourceTree = "<group>";
		};
		AE43B2E62208E0C800165188 /* StarWarsAPITestTests */ = {
			isa = PBXGroup;
			children = (
				AE43B2E72208E0C800165188 /* StarWarsAPITestTests.swift */,
				AE43B2E92208E0C800165188 /* Info.plist */,
			);
			path = StarWarsAPITestTests;
			sourceTree = "<group>";
		};
		AE43B2FC2208E49000165188 /* ViewControllers */ = {
			isa = PBXGroup;
			children = (
				AE43B2F82208E2BE00165188 /* CharacterListVC.swift */,
				AE0FD9D0221729C900D084AC /* FilmsListVC.swift */,
				AE803648221C4AD000B4B70D /* LoginVC.swift */,
				AE425773221DEB3500D72717 /* PlanetsListVC.swift */,
			);
			path = ViewControllers;
			sourceTree = "<group>";
		};
		AE43B2FD2208E4A500165188 /* ViewModels */ = {
			isa = PBXGroup;
			children = (
				AE43B2FA2208E44400165188 /* CharacterListVM.swift */,
				AE0FD9D2221729DB00D084AC /* FilmsListVM.swift */,
				AE425775221DEB5300D72717 /* PlanetsListVM.swift */,
			);
			path = ViewModels;
			sourceTree = "<group>";
		};
		AE43B2FE2208E4B900165188 /* ServiceLayer */ = {
			isa = PBXGroup;
			children = (
				AE7CD36322137106006EF6AD /* KefBytesServerConfig.swift */,
				AE7CD35922136A01006EF6AD /* KefBytesRequestProtocol.swift */,
				AE7CD35B22136A2D006EF6AD /* KefBytesResponseProtocol.swift */,
				AE0FD9DA2217332A00D084AC /* KefBytesURLRequest.swift */,
				AE64659A2214AB9C00C4BB1C /* KefBytesURLBuilder.swift */,
				AE64659C2214B3C300C4BB1C /* KefBytesServiceError.swift */,
				AE80364F221C7DDD00B4B70D /* KefBytesMockJsonReader.swift */,
				AE0FD9DC2217340300D084AC /* KefBytesServiceConstants.swift */,
				AE7CD3652213726A006EF6AD /* KefBytesServerConnection.swift */,
			);
			path = ServiceLayer;
			sourceTree = "<group>";
		};
		AE43B2FF2208E4C400165188 /* Model */ = {
			isa = PBXGroup;
			children = (
				AE43B2F62208E12A00165188 /* StarWarsCharacter.swift */,
				AE0FD9D822172CD700D084AC /* StarWarsFilm.swift */,
				AE42577B221DF83B00D72717 /* StarWarsPlanet.swift */,
			);
			path = Model;
			sourceTree = "<group>";
		};
		AE5BFFD62209D16D001911A7 /* Mock */ = {
			isa = PBXGroup;
			children = (
				AE5BFFDB2209EEAC001911A7 /* JSON */,
			);
			path = Mock;
			sourceTree = "<group>";
		};
		AE5BFFDB2209EEAC001911A7 /* JSON */ = {
			isa = PBXGroup;
			children = (
				AE5BFFDC2209EEDE001911A7 /* FetchCharacters.json */,
				AE80364D221C75E700B4B70D /* FetchFilms.json */,
				AE42577D221DF95C00D72717 /* FetchPlanets.json */,
			);
			path = JSON;
			sourceTree = "<group>";
		};
		AE7CD35D22136D56006EF6AD /* RequestObjects */ = {
			isa = PBXGroup;
			children = (
				AE7CD35E22136D81006EF6AD /* FetchCharactersRequest.swift */,
				AE0FD9D422172BC900D084AC /* FetchFilmsRequest.swift */,
				AE425777221DF72000D72717 /* FetchPlanetsRequest.swift */,
			);
			path = RequestObjects;
			sourceTree = "<group>";
		};
		AE7CD36022136E84006EF6AD /* ResponseObjects */ = {
			isa = PBXGroup;
			children = (
				AE7CD36122136E9C006EF6AD /* FetchCharactersResponse.swift */,
				AE0FD9D622172C8900D084AC /* FetchFilmsResponse.swift */,
				AE425779221DF78800D72717 /* FetchPlanetsResponse.swift */,
			);
			path = ResponseObjects;
			sourceTree = "<group>";
		};
		AE80364A221C4F7300B4B70D /* UI */ = {
			isa = PBXGroup;
			children = (
				AE43B2D92208E0C800165188 /* Assets.xcassets */,
				AE43B2DB2208E0C800165188 /* LaunchScreen.storyboard */,
				AE43B2D62208E0C700165188 /* Main.storyboard */,
			);
			path = UI;
			sourceTree = "<group>";
		};
		AEBE7A04221491CF0078AD90 /* ServiceObjects */ = {
			isa = PBXGroup;
			children = (
				AE7CD35D22136D56006EF6AD /* RequestObjects */,
				AE7CD36022136E84006EF6AD /* ResponseObjects */,
			);
			path = ServiceObjects;
			sourceTree = "<group>";
		};
/* End PBXGroup section */

/* Begin PBXNativeTarget section */
		AE43B2CE2208E0C700165188 /* StarWarsAPITest */ = {
			isa = PBXNativeTarget;
			buildConfigurationList = AE43B2EC2208E0C800165188 /* Build configuration list for PBXNativeTarget "StarWarsAPITest" */;
			buildPhases = (
				AE43B2CB2208E0C700165188 /* Sources */,
				AE43B2CC2208E0C700165188 /* Frameworks */,
				AE43B2CD2208E0C700165188 /* Resources */,
			);
			buildRules = (
			);
			dependencies = (
			);
			name = StarWarsAPITest;
			productName = StarWarsAPITest;
			productReference = AE43B2CF2208E0C700165188 /* StarWarsAPITest.app */;
			productType = "com.apple.product-type.application";
		};
		AE43B2E22208E0C800165188 /* StarWarsAPITestTests */ = {
			isa = PBXNativeTarget;
			buildConfigurationList = AE43B2EF2208E0C800165188 /* Build configuration list for PBXNativeTarget "StarWarsAPITestTests" */;
			buildPhases = (
				AE43B2DF2208E0C800165188 /* Sources */,
				AE43B2E02208E0C800165188 /* Frameworks */,
				AE43B2E12208E0C800165188 /* Resources */,
			);
			buildRules = (
			);
			dependencies = (
				AE43B2E52208E0C800165188 /* PBXTargetDependency */,
			);
			name = StarWarsAPITestTests;
			productName = StarWarsAPITestTests;
			productReference = AE43B2E32208E0C800165188 /* StarWarsAPITestTests.xctest */;
			productType = "com.apple.product-type.bundle.unit-test";
		};
/* End PBXNativeTarget section */

/* Begin PBXProject section */
		AE43B2C72208E0C700165188 /* Project object */ = {
			isa = PBXProject;
			attributes = {
				LastSwiftUpdateCheck = 1010;
				LastUpgradeCheck = 1010;
				ORGANIZATIONNAME = "Kent Franks";
				TargetAttributes = {
					AE43B2CE2208E0C700165188 = {
						CreatedOnToolsVersion = 10.1;
					};
					AE43B2E22208E0C800165188 = {
						CreatedOnToolsVersion = 10.1;
						TestTargetID = AE43B2CE2208E0C700165188;
					};
				};
			};
			buildConfigurationList = AE43B2CA2208E0C700165188 /* Build configuration list for PBXProject "StarWarsAPITest" */;
			compatibilityVersion = "Xcode 9.3";
			developmentRegion = en;
			hasScannedForEncodings = 0;
			knownRegions = (
				en,
				Base,
			);
			mainGroup = AE43B2C62208E0C700165188;
			productRefGroup = AE43B2D02208E0C700165188 /* Products */;
			projectDirPath = "";
			projectRoot = "";
			targets = (
				AE43B2CE2208E0C700165188 /* StarWarsAPITest */,
				AE43B2E22208E0C800165188 /* StarWarsAPITestTests */,
			);
		};
/* End PBXProject section */

/* Begin PBXResourcesBuildPhase section */
		AE43B2CD2208E0C700165188 /* Resources */ = {
			isa = PBXResourcesBuildPhase;
			buildActionMask = 2147483647;
			files = (
				AE42577E221DF95C00D72717 /* FetchPlanets.json in Resources */,
				AE43B2DD2208E0C800165188 /* LaunchScreen.storyboard in Resources */,
				AE43B2DA2208E0C800165188 /* Assets.xcassets in Resources */,
				AE43B2D82208E0C700165188 /* Main.storyboard in Resources */,
				AE5BFFDD2209EEDE001911A7 /* FetchCharacters.json in Resources */,
				AE80364E221C75E700B4B70D /* FetchFilms.json in Resources */,
			);
			runOnlyForDeploymentPostprocessing = 0;
		};
		AE43B2E12208E0C800165188 /* Resources */ = {
			isa = PBXResourcesBuildPhase;
			buildActionMask = 2147483647;
			files = (
			);
			runOnlyForDeploymentPostprocessing = 0;
		};
/* End PBXResourcesBuildPhase section */

/* Begin PBXSourcesBuildPhase section */
		AE43B2CB2208E0C700165188 /* Sources */ = {
			isa = PBXSourcesBuildPhase;
			buildActionMask = 2147483647;
			files = (
				AE0FD9DB2217332A00D084AC /* KefBytesURLRequest.swift in Sources */,
				AE425778221DF72000D72717 /* FetchPlanetsRequest.swift in Sources */,
				AE7CD36422137106006EF6AD /* KefBytesServerConfig.swift in Sources */,
				AE7CD3662213726A006EF6AD /* KefBytesServerConnection.swift in Sources */,
				AE7CD36222136E9C006EF6AD /* FetchCharactersResponse.swift in Sources */,
				AE0FD9D1221729C900D084AC /* FilmsListVC.swift in Sources */,
				AE43B2D32208E0C700165188 /* AppDelegate.swift in Sources */,
				AE42577C221DF83B00D72717 /* StarWarsPlanet.swift in Sources */,
				AE43B2FB2208E44400165188 /* CharacterListVM.swift in Sources */,
				AE0FD9DD2217340300D084AC /* KefBytesServiceConstants.swift in Sources */,
				AE42577A221DF78800D72717 /* FetchPlanetsResponse.swift in Sources */,
				AE64659D2214B3C300C4BB1C /* KefBytesServiceError.swift in Sources */,
				AE803650221C7DDD00B4B70D /* KefBytesMockJsonReader.swift in Sources */,
				AE0FD9D722172C8900D084AC /* FetchFilmsResponse.swift in Sources */,
				AE7CD35A22136A01006EF6AD /* KefBytesRequestProtocol.swift in Sources */,
				AE0FD9D3221729DB00D084AC /* FilmsListVM.swift in Sources */,
				AE0FD9D922172CD700D084AC /* StarWarsFilm.swift in Sources */,
				AE7CD35F22136D81006EF6AD /* FetchCharactersRequest.swift in Sources */,
				AE80364C221C4FAA00B4B70D /* Session.swift in Sources */,
				AE803649221C4AD000B4B70D /* LoginVC.swift in Sources */,
				AE64659B2214AB9C00C4BB1C /* KefBytesURLBuilder.swift in Sources */,
				AE43B2F72208E12A00165188 /* StarWarsCharacter.swift in Sources */,
				AE43B2F92208E2BE00165188 /* CharacterListVC.swift in Sources */,
				AE425776221DEB5300D72717 /* PlanetsListVM.swift in Sources */,
				AE0FD9D522172BC900D084AC /* FetchFilmsRequest.swift in Sources */,
				AE425774221DEB3500D72717 /* PlanetsListVC.swift in Sources */,
				AE7CD35C22136A2D006EF6AD /* KefBytesResponseProtocol.swift in Sources */,
			);
			runOnlyForDeploymentPostprocessing = 0;
		};
		AE43B2DF2208E0C800165188 /* Sources */ = {
			isa = PBXSourcesBuildPhase;
			buildActionMask = 2147483647;
			files = (
				AE43B2E82208E0C800165188 /* StarWarsAPITestTests.swift in Sources */,
			);
			runOnlyForDeploymentPostprocessing = 0;
		};
/* End PBXSourcesBuildPhase section */

/* Begin PBXTargetDependency section */
		AE43B2E52208E0C800165188 /* PBXTargetDependency */ = {
			isa = PBXTargetDependency;
			target = AE43B2CE2208E0C700165188 /* StarWarsAPITest */;
			targetProxy = AE43B2E42208E0C800165188 /* PBXContainerItemProxy */;
		};
/* End PBXTargetDependency section */

/* Begin PBXVariantGroup section */
		AE43B2D62208E0C700165188 /* Main.storyboard */ = {
			isa = PBXVariantGroup;
			children = (
				AE43B2D72208E0C700165188 /* Base */,
			);
			name = Main.storyboard;
			sourceTree = "<group>";
		};
		AE43B2DB2208E0C800165188 /* LaunchScreen.storyboard */ = {
			isa = PBXVariantGroup;
			children = (
				AE43B2DC2208E0C800165188 /* Base */,
			);
			name = LaunchScreen.storyboard;
			sourceTree = "<group>";
		};
/* End PBXVariantGroup section */

/* Begin XCBuildConfiguration section */
		AE43B2EA2208E0C800165188 /* Dev */ = {
			isa = XCBuildConfiguration;
			buildSettings = {
				ALWAYS_SEARCH_USER_PATHS = NO;
				CLANG_ANALYZER_NONNULL = YES;
				CLANG_ANALYZER_NUMBER_OBJECT_CONVERSION = YES_AGGRESSIVE;
				CLANG_CXX_LANGUAGE_STANDARD = "gnu++14";
				CLANG_CXX_LIBRARY = "libc++";
				CLANG_ENABLE_MODULES = YES;
				CLANG_ENABLE_OBJC_ARC = YES;
				CLANG_ENABLE_OBJC_WEAK = YES;
				CLANG_WARN_BLOCK_CAPTURE_AUTORELEASING = YES;
				CLANG_WARN_BOOL_CONVERSION = YES;
				CLANG_WARN_COMMA = YES;
				CLANG_WARN_CONSTANT_CONVERSION = YES;
				CLANG_WARN_DEPRECATED_OBJC_IMPLEMENTATIONS = YES;
				CLANG_WARN_DIRECT_OBJC_ISA_USAGE = YES_ERROR;
				CLANG_WARN_DOCUMENTATION_COMMENTS = YES;
				CLANG_WARN_EMPTY_BODY = YES;
				CLANG_WARN_ENUM_CONVERSION = YES;
				CLANG_WARN_INFINITE_RECURSION = YES;
				CLANG_WARN_INT_CONVERSION = YES;
				CLANG_WARN_NON_LITERAL_NULL_CONVERSION = YES;
				CLANG_WARN_OBJC_IMPLICIT_RETAIN_SELF = YES;
				CLANG_WARN_OBJC_LITERAL_CONVERSION = YES;
				CLANG_WARN_OBJC_ROOT_CLASS = YES_ERROR;
				CLANG_WARN_RANGE_LOOP_ANALYSIS = YES;
				CLANG_WARN_STRICT_PROTOTYPES = YES;
				CLANG_WARN_SUSPICIOUS_MOVE = YES;
				CLANG_WARN_UNGUARDED_AVAILABILITY = YES_AGGRESSIVE;
				CLANG_WARN_UNREACHABLE_CODE = YES;
				CLANG_WARN__DUPLICATE_METHOD_MATCH = YES;
				CODE_SIGN_IDENTITY = "iPhone Developer";
				COPY_PHASE_STRIP = NO;
				DEBUG_INFORMATION_FORMAT = dwarf;
				ENABLE_STRICT_OBJC_MSGSEND = YES;
				ENABLE_TESTABILITY = YES;
				GCC_C_LANGUAGE_STANDARD = gnu11;
				GCC_DYNAMIC_NO_PIC = NO;
				GCC_NO_COMMON_BLOCKS = YES;
				GCC_OPTIMIZATION_LEVEL = 0;
				GCC_PREPROCESSOR_DEFINITIONS = (
					"DEBUG=1",
					"$(inherited)",
				);
				GCC_WARN_64_TO_32_BIT_CONVERSION = YES;
				GCC_WARN_ABOUT_RETURN_TYPE = YES_ERROR;
				GCC_WARN_UNDECLARED_SELECTOR = YES;
				GCC_WARN_UNINITIALIZED_AUTOS = YES_AGGRESSIVE;
				GCC_WARN_UNUSED_FUNCTION = YES;
				GCC_WARN_UNUSED_VARIABLE = YES;
				IPHONEOS_DEPLOYMENT_TARGET = 12.1;
				MTL_ENABLE_DEBUG_INFO = INCLUDE_SOURCE;
				MTL_FAST_MATH = YES;
				ONLY_ACTIVE_ARCH = YES;
				OTHER_SWIFT_FLAGS = "-DDev";
				SDKROOT = iphoneos;
				SWIFT_ACTIVE_COMPILATION_CONDITIONS = DEBUG;
				SWIFT_OPTIMIZATION_LEVEL = "-Onone";
			};
			name = Dev;
		};
		AE43B2EB2208E0C800165188 /* Prod */ = {
			isa = XCBuildConfiguration;
			buildSettings = {
				ALWAYS_SEARCH_USER_PATHS = NO;
				CLANG_ANALYZER_NONNULL = YES;
				CLANG_ANALYZER_NUMBER_OBJECT_CONVERSION = YES_AGGRESSIVE;
				CLANG_CXX_LANGUAGE_STANDARD = "gnu++14";
				CLANG_CXX_LIBRARY = "libc++";
				CLANG_ENABLE_MODULES = YES;
				CLANG_ENABLE_OBJC_ARC = YES;
				CLANG_ENABLE_OBJC_WEAK = YES;
				CLANG_WARN_BLOCK_CAPTURE_AUTORELEASING = YES;
				CLANG_WARN_BOOL_CONVERSION = YES;
				CLANG_WARN_COMMA = YES;
				CLANG_WARN_CONSTANT_CONVERSION = YES;
				CLANG_WARN_DEPRECATED_OBJC_IMPLEMENTATIONS = YES;
				CLANG_WARN_DIRECT_OBJC_ISA_USAGE = YES_ERROR;
				CLANG_WARN_DOCUMENTATION_COMMENTS = YES;
				CLANG_WARN_EMPTY_BODY = YES;
				CLANG_WARN_ENUM_CONVERSION = YES;
				CLANG_WARN_INFINITE_RECURSION = YES;
				CLANG_WARN_INT_CONVERSION = YES;
				CLANG_WARN_NON_LITERAL_NULL_CONVERSION = YES;
				CLANG_WARN_OBJC_IMPLICIT_RETAIN_SELF = YES;
				CLANG_WARN_OBJC_LITERAL_CONVERSION = YES;
				CLANG_WARN_OBJC_ROOT_CLASS = YES_ERROR;
				CLANG_WARN_RANGE_LOOP_ANALYSIS = YES;
				CLANG_WARN_STRICT_PROTOTYPES = YES;
				CLANG_WARN_SUSPICIOUS_MOVE = YES;
				CLANG_WARN_UNGUARDED_AVAILABILITY = YES_AGGRESSIVE;
				CLANG_WARN_UNREACHABLE_CODE = YES;
				CLANG_WARN__DUPLICATE_METHOD_MATCH = YES;
				CODE_SIGN_IDENTITY = "iPhone Developer";
				COPY_PHASE_STRIP = NO;
				DEBUG_INFORMATION_FORMAT = "dwarf-with-dsym";
				ENABLE_NS_ASSERTIONS = NO;
				ENABLE_STRICT_OBJC_MSGSEND = YES;
				GCC_C_LANGUAGE_STANDARD = gnu11;
				GCC_NO_COMMON_BLOCKS = YES;
				GCC_WARN_64_TO_32_BIT_CONVERSION = YES;
				GCC_WARN_ABOUT_RETURN_TYPE = YES_ERROR;
				GCC_WARN_UNDECLARED_SELECTOR = YES;
				GCC_WARN_UNINITIALIZED_AUTOS = YES_AGGRESSIVE;
				GCC_WARN_UNUSED_FUNCTION = YES;
				GCC_WARN_UNUSED_VARIABLE = YES;
				IPHONEOS_DEPLOYMENT_TARGET = 12.1;
				MTL_ENABLE_DEBUG_INFO = NO;
				MTL_FAST_MATH = YES;
				OTHER_SWIFT_FLAGS = "-DProd";
				SDKROOT = iphoneos;
				SWIFT_COMPILATION_MODE = wholemodule;
				SWIFT_OPTIMIZATION_LEVEL = "-Onone";
				VALIDATE_PRODUCT = YES;
			};
			name = Prod;
		};
		AE43B2ED2208E0C800165188 /* Dev */ = {
			isa = XCBuildConfiguration;
			buildSettings = {
				ASSETCATALOG_COMPILER_APPICON_NAME = AppIcon;
				CODE_SIGN_IDENTITY = "iPhone Developer";
				CODE_SIGN_STYLE = Automatic;
				DEVELOPMENT_TEAM = 6WUZ2D4QXV;
				INFOPLIST_FILE = StarWarsAPITest/Info.plist;
				LD_RUNPATH_SEARCH_PATHS = (
					"$(inherited)",
					"@executable_path/Frameworks",
				);
				PRODUCT_BUNDLE_IDENTIFIER = "KefBytes-LLC.StarWarsAPITest";
				PRODUCT_NAME = "$(TARGET_NAME)";
				PROVISIONING_PROFILE_SPECIFIER = "";
				SWIFT_VERSION = 4.2;
				TARGETED_DEVICE_FAMILY = "1,2";
			};
			name = Dev;
		};
		AE43B2EE2208E0C800165188 /* Prod */ = {
			isa = XCBuildConfiguration;
			buildSettings = {
				ASSETCATALOG_COMPILER_APPICON_NAME = AppIcon;
				CODE_SIGN_IDENTITY = "iPhone Developer";
				CODE_SIGN_STYLE = Automatic;
				DEVELOPMENT_TEAM = 6WUZ2D4QXV;
				INFOPLIST_FILE = StarWarsAPITest/Info.plist;
				LD_RUNPATH_SEARCH_PATHS = (
					"$(inherited)",
					"@executable_path/Frameworks",
				);
				PRODUCT_BUNDLE_IDENTIFIER = "KefBytes-LLC.StarWarsAPITest";
				PRODUCT_NAME = "$(TARGET_NAME)";
				PROVISIONING_PROFILE_SPECIFIER = "";
				SWIFT_VERSION = 4.2;
				TARGETED_DEVICE_FAMILY = "1,2";
			};
			name = Prod;
		};
		AE43B2F02208E0C800165188 /* Dev */ = {
			isa = XCBuildConfiguration;
			buildSettings = {
				ALWAYS_EMBED_SWIFT_STANDARD_LIBRARIES = YES;
				BUNDLE_LOADER = "$(TEST_HOST)";
				CODE_SIGN_STYLE = Automatic;
				DEVELOPMENT_TEAM = 6WUZ2D4QXV;
				INFOPLIST_FILE = StarWarsAPITestTests/Info.plist;
				LD_RUNPATH_SEARCH_PATHS = (
					"$(inherited)",
					"@executable_path/Frameworks",
					"@loader_path/Frameworks",
				);
				PRODUCT_BUNDLE_IDENTIFIER = "KefBytes-LLC.StarWarsAPITestTests";
				PRODUCT_NAME = "$(TARGET_NAME)";
				SWIFT_VERSION = 4.2;
				TARGETED_DEVICE_FAMILY = "1,2";
				TEST_HOST = "$(BUILT_PRODUCTS_DIR)/StarWarsAPITest.app/StarWarsAPITest";
			};
			name = Dev;
		};
		AE43B2F12208E0C800165188 /* Prod */ = {
			isa = XCBuildConfiguration;
			buildSettings = {
				ALWAYS_EMBED_SWIFT_STANDARD_LIBRARIES = YES;
				BUNDLE_LOADER = "$(TEST_HOST)";
				CODE_SIGN_STYLE = Automatic;
				DEVELOPMENT_TEAM = 6WUZ2D4QXV;
				INFOPLIST_FILE = StarWarsAPITestTests/Info.plist;
				LD_RUNPATH_SEARCH_PATHS = (
					"$(inherited)",
					"@executable_path/Frameworks",
					"@loader_path/Frameworks",
				);
				PRODUCT_BUNDLE_IDENTIFIER = "KefBytes-LLC.StarWarsAPITestTests";
				PRODUCT_NAME = "$(TARGET_NAME)";
				SWIFT_VERSION = 4.2;
				TARGETED_DEVICE_FAMILY = "1,2";
				TEST_HOST = "$(BUILT_PRODUCTS_DIR)/StarWarsAPITest.app/StarWarsAPITest";
			};
			name = Prod;
		};
/* End XCBuildConfiguration section */

/* Begin XCConfigurationList section */
		AE43B2CA2208E0C700165188 /* Build configuration list for PBXProject "StarWarsAPITest" */ = {
			isa = XCConfigurationList;
			buildConfigurations = (
				AE43B2EA2208E0C800165188 /* Dev */,
				AE43B2EB2208E0C800165188 /* Prod */,
			);
			defaultConfigurationIsVisible = 0;
			defaultConfigurationName = Prod;
		};
		AE43B2EC2208E0C800165188 /* Build configuration list for PBXNativeTarget "StarWarsAPITest" */ = {
			isa = XCConfigurationList;
			buildConfigurations = (
				AE43B2ED2208E0C800165188 /* Dev */,
				AE43B2EE2208E0C800165188 /* Prod */,
			);
			defaultConfigurationIsVisible = 0;
			defaultConfigurationName = Prod;
		};
		AE43B2EF2208E0C800165188 /* Build configuration list for PBXNativeTarget "StarWarsAPITestTests" */ = {
			isa = XCConfigurationList;
			buildConfigurations = (
				AE43B2F02208E0C800165188 /* Dev */,
				AE43B2F12208E0C800165188 /* Prod */,
			);
			defaultConfigurationIsVisible = 0;
			defaultConfigurationName = Prod;
		};
/* End XCConfigurationList section */
	};
	rootObject = AE43B2C72208E0C700165188 /* Project object */;
}
